// !$*UTF8*$!
{
	archiveVersion = 1;
	classes = {
	};
	objectVersion = 56;
	objects = {

/* Begin PBXBuildFile section */
		F0FCFAE029FD96D600000B9C /* AppDelegate.swift in Sources */ = {isa = PBXBuildFile; fileRef = F0FCFADF29FD96D600000B9C /* AppDelegate.swift */; };
		F0FCFAE229FD96D600000B9C /* SceneDelegate.swift in Sources */ = {isa = PBXBuildFile; fileRef = F0FCFAE129FD96D600000B9C /* SceneDelegate.swift */; };
		F0FCFAE429FD96D600000B9C /* ViewController.swift in Sources */ = {isa = PBXBuildFile; fileRef = F0FCFAE329FD96D600000B9C /* ViewController.swift */; };
		F0FCFAE729FD96D600000B9C /* Main.storyboard in Resources */ = {isa = PBXBuildFile; fileRef = F0FCFAE529FD96D600000B9C /* Main.storyboard */; };
		F0FCFAE929FD96D700000B9C /* Assets.xcassets in Resources */ = {isa = PBXBuildFile; fileRef = F0FCFAE829FD96D700000B9C /* Assets.xcassets */; };
		F0FCFAEC29FD96D700000B9C /* LaunchScreen.storyboard in Resources */ = {isa = PBXBuildFile; fileRef = F0FCFAEA29FD96D700000B9C /* LaunchScreen.storyboard */; };
		F0FCFAF629FDA4BD00000B9C /* Database.swift in Sources */ = {isa = PBXBuildFile; fileRef = F0FCFAF529FDA4BD00000B9C /* Database.swift */; };
		F0FCFAF829FDA5A600000B9C /* HomeViewController.swift in Sources */ = {isa = PBXBuildFile; fileRef = F0FCFAF729FDA5A600000B9C /* HomeViewController.swift */; };
		F0FCFAFA29FDA5B100000B9C /* ProfileViewController.swift in Sources */ = {isa = PBXBuildFile; fileRef = F0FCFAF929FDA5B100000B9C /* ProfileViewController.swift */; };
/* End PBXBuildFile section */

/* Begin PBXFileReference section */
		F0FCFADC29FD96D600000B9C /* carDealership.app */ = {isa = PBXFileReference; explicitFileType = wrapper.application; includeInIndex = 0; path = carDealership.app; sourceTree = BUILT_PRODUCTS_DIR; };
		F0FCFADF29FD96D600000B9C /* AppDelegate.swift */ = {isa = PBXFileReference; lastKnownFileType = sourcecode.swift; path = AppDelegate.swift; sourceTree = "<group>"; };
		F0FCFAE129FD96D600000B9C /* SceneDelegate.swift */ = {isa = PBXFileReference; lastKnownFileType = sourcecode.swift; path = SceneDelegate.swift; sourceTree = "<group>"; };
		F0FCFAE329FD96D600000B9C /* ViewController.swift */ = {isa = PBXFileReference; lastKnownFileType = sourcecode.swift; path = ViewController.swift; sourceTree = "<group>"; };
		F0FCFAE629FD96D600000B9C /* Base */ = {isa = PBXFileReference; lastKnownFileType = file.storyboard; name = Base; path = Base.lproj/Main.storyboard; sourceTree = "<group>"; };
		F0FCFAE829FD96D700000B9C /* Assets.xcassets */ = {isa = PBXFileReference; lastKnownFileType = folder.assetcatalog; path = Assets.xcassets; sourceTree = "<group>"; };
		F0FCFAEB29FD96D700000B9C /* Base */ = {isa = PBXFileReference; lastKnownFileType = file.storyboard; name = Base; path = Base.lproj/LaunchScreen.storyboard; sourceTree = "<group>"; };
		F0FCFAED29FD96D700000B9C /* Info.plist */ = {isa = PBXFileReference; lastKnownFileType = text.plist.xml; path = Info.plist; sourceTree = "<group>"; };
		F0FCFAF529FDA4BD00000B9C /* Database.swift */ = {isa = PBXFileReference; lastKnownFileType = sourcecode.swift; path = Database.swift; sourceTree = "<group>"; };
		F0FCFAF729FDA5A600000B9C /* HomeViewController.swift */ = {isa = PBXFileReference; lastKnownFileType = sourcecode.swift; path = HomeViewController.swift; sourceTree = "<group>"; };
		F0FCFAF929FDA5B100000B9C /* ProfileViewController.swift */ = {isa = PBXFileReference; lastKnownFileType = sourcecode.swift; path = ProfileViewController.swift; sourceTree = "<group>"; };
/* End PBXFileReference section */

/* Begin PBXFrameworksBuildPhase section */
		F0FCFAD929FD96D600000B9C /* Frameworks */ = {
			isa = PBXFrameworksBuildPhase;
			buildActionMask = 2147483647;
			files = (
			);
			runOnlyForDeploymentPostprocessing = 0;
		};
/* End PBXFrameworksBuildPhase section */

/* Begin PBXGroup section */
		F0FCFAD329FD96D600000B9C = {
			isa = PBXGroup;
			children = (
				F0FCFADE29FD96D600000B9C /* carDealership */,
				F0FCFADD29FD96D600000B9C /* Products */,
			);
			sourceTree = "<group>";
		};
		F0FCFADD29FD96D600000B9C /* Products */ = {
			isa = PBXGroup;
			children = (
				F0FCFADC29FD96D600000B9C /* carDealership.app */,
			);
			name = Products;
			sourceTree = "<group>";
		};
		F0FCFADE29FD96D600000B9C /* carDealership */ = {
			isa = PBXGroup;
			children = (
				F0FCFADF29FD96D600000B9C /* AppDelegate.swift */,
				F0FCFAE129FD96D600000B9C /* SceneDelegate.swift */,
				F0FCFAE329FD96D600000B9C /* ViewController.swift */,
				F0FCFAF729FDA5A600000B9C /* HomeViewController.swift */,
				F0FCFAF929FDA5B100000B9C /* ProfileViewController.swift */,
				F0FCFAE529FD96D600000B9C /* Main.storyboard */,
				F0FCFAF529FDA4BD00000B9C /* Database.swift */,
				F0FCFAE829FD96D700000B9C /* Assets.xcassets */,
				F0FCFAEA29FD96D700000B9C /* LaunchScreen.storyboard */,
				F0FCFAED29FD96D700000B9C /* Info.plist */,
			);
			path = carDealership;
			sourceTree = "<group>";
		};
/* End PBXGroup section */

/* Begin PBXNativeTarget section */
		F0FCFADB29FD96D600000B9C /* carDealership */ = {
			isa = PBXNativeTarget;
			buildConfigurationList = F0FCFAF029FD96D700000B9C /* Build configuration list for PBXNativeTarget "carDealership" */;
			buildPhases = (
				F0FCFAD829FD96D600000B9C /* Sources */,
				F0FCFAD929FD96D600000B9C /* Frameworks */,
				F0FCFADA29FD96D600000B9C /* Resources */,
			);
			buildRules = (
			);
			dependencies = (
			);
			name = carDealership;
			productName = carDealership;
			productReference = F0FCFADC29FD96D600000B9C /* carDealership.app */;
			productType = "com.apple.product-type.application";
		};
/* End PBXNativeTarget section */

/* Begin PBXProject section */
		F0FCFAD429FD96D600000B9C /* Project object */ = {
			isa = PBXProject;
			attributes = {
				BuildIndependentTargetsInParallel = 1;
				LastSwiftUpdateCheck = 1430;
				LastUpgradeCheck = 1430;
				TargetAttributes = {
					F0FCFADB29FD96D600000B9C = {
						CreatedOnToolsVersion = 14.3;
					};
				};
			};
			buildConfigurationList = F0FCFAD729FD96D600000B9C /* Build configuration list for PBXProject "carDealership" */;
			compatibilityVersion = "Xcode 14.0";
			developmentRegion = en;
			hasScannedForEncodings = 0;
			knownRegions = (
				en,
				Base,
			);
			mainGroup = F0FCFAD329FD96D600000B9C;
			productRefGroup = F0FCFADD29FD96D600000B9C /* Products */;
			projectDirPath = "";
			projectRoot = "";
			targets = (
				F0FCFADB29FD96D600000B9C /* carDealership */,
			);
		};
/* End PBXProject section */

/* Begin PBXResourcesBuildPhase section */
		F0FCFADA29FD96D600000B9C /* Resources */ = {
			isa = PBXResourcesBuildPhase;
			buildActionMask = 2147483647;
			files = (
				F0FCFAEC29FD96D700000B9C /* LaunchScreen.storyboard in Resources */,
				F0FCFAE929FD96D700000B9C /* Assets.xcassets in Resources */,
				F0FCFAE729FD96D600000B9C /* Main.storyboard in Resources */,
			);
			runOnlyForDeploymentPostprocessing = 0;
		};
/* End PBXResourcesBuildPhase section */

/* Begin PBXSourcesBuildPhase section */
		F0FCFAD829FD96D600000B9C /* Sources */ = {
			isa = PBXSourcesBuildPhase;
			buildActionMask = 2147483647;
			files = (
				F0FCFAFA29FDA5B100000B9C /* ProfileViewController.swift in Sources */,
				F0FCFAF829FDA5A600000B9C /* HomeViewController.swift in Sources */,
				F0FCFAE429FD96D600000B9C /* ViewController.swift in Sources */,
				F0FCFAE029FD96D600000B9C /* AppDelegate.swift in Sources */,
				F0FCFAF629FDA4BD00000B9C /* Database.swift in Sources */,
				F0FCFAE229FD96D600000B9C /* SceneDelegate.swift in Sources */,
			);
			runOnlyForDeploymentPostprocessing = 0;
		};
/* End PBXSourcesBuildPhase section */

/* Begin PBXVariantGroup section */
		F0FCFAE529FD96D600000B9C /* Main.storyboard */ = {
			isa = PBXVariantGroup;
			children = (
				F0FCFAE629FD96D600000B9C /* Base */,
			);
			name = Main.storyboard;
			sourceTree = "<group>";
		};
		F0FCFAEA29FD96D700000B9C /* LaunchScreen.storyboard */ = {
			isa = PBXVariantGroup;
			children = (
				F0FCFAEB29FD96D700000B9C /* Base */,
			);
			name = LaunchScreen.storyboard;
			sourceTree = "<group>";
		};
/* End PBXVariantGroup section */

/* Begin XCBuildConfiguration section */
		F0FCFAEE29FD96D700000B9C /* Debug */ = {
			isa = XCBuildConfiguration;
			buildSettings = {
				ALWAYS_SEARCH_USER_PATHS = NO;
				CLANG_ANALYZER_NONNULL = YES;
				CLANG_ANALYZER_NUMBER_OBJECT_CONVERSION = YES_AGGRESSIVE;
				CLANG_CXX_LANGUAGE_STANDARD = "gnu++20";
				CLANG_ENABLE_MODULES = YES;
				CLANG_ENABLE_OBJC_ARC = YES;
				CLANG_ENABLE_OBJC_WEAK = YES;
				CLANG_WARN_BLOCK_CAPTURE_AUTORELEASING = YES;
				CLANG_WARN_BOOL_CONVERSION = YES;
				CLANG_WARN_COMMA = YES;
				CLANG_WARN_CONSTANT_CONVERSION = YES;
				CLANG_WARN_DEPRECATED_OBJC_IMPLEMENTATIONS = YES;
				CLANG_WARN_DIRECT_OBJC_ISA_USAGE = YES_ERROR;
				CLANG_WARN_DOCUMENTATION_COMMENTS = YES;
				CLANG_WARN_EMPTY_BODY = YES;
				CLANG_WARN_ENUM_CONVERSION = YES;
				CLANG_WARN_INFINITE_RECURSION = YES;
				CLANG_WARN_INT_CONVERSION = YES;
				CLANG_WARN_NON_LITERAL_NULL_CONVERSION = YES;
				CLANG_WARN_OBJC_IMPLICIT_RETAIN_SELF = YES;
				CLANG_WARN_OBJC_LITERAL_CONVERSION = YES;
				CLANG_WARN_OBJC_ROOT_CLASS = YES_ERROR;
				CLANG_WARN_QUOTED_INCLUDE_IN_FRAMEWORK_HEADER = YES;
				CLANG_WARN_RANGE_LOOP_ANALYSIS = YES;
				CLANG_WARN_STRICT_PROTOTYPES = YES;
				CLANG_WARN_SUSPICIOUS_MOVE = YES;
				CLANG_WARN_UNGUARDED_AVAILABILITY = YES_AGGRESSIVE;
				CLANG_WARN_UNREACHABLE_CODE = YES;
				CLANG_WARN__DUPLICATE_METHOD_MATCH = YES;
				COPY_PHASE_STRIP = NO;
				DEBUG_INFORMATION_FORMAT = dwarf;
				ENABLE_STRICT_OBJC_MSGSEND = YES;
				ENABLE_TESTABILITY = YES;
				GCC_C_LANGUAGE_STANDARD = gnu11;
				GCC_DYNAMIC_NO_PIC = NO;
				GCC_NO_COMMON_BLOCKS = YES;
				GCC_OPTIMIZATION_LEVEL = 0;
				GCC_PREPROCESSOR_DEFINITIONS = (
					"DEBUG=1",
					"$(inherited)",
				);
				GCC_WARN_64_TO_32_BIT_CONVERSION = YES;
				GCC_WARN_ABOUT_RETURN_TYPE = YES_ERROR;
				GCC_WARN_UNDECLARED_SELECTOR = YES;
				GCC_WARN_UNINITIALIZED_AUTOS = YES_AGGRESSIVE;
				GCC_WARN_UNUSED_FUNCTION = YES;
				GCC_WARN_UNUSED_VARIABLE = YES;
				IPHONEOS_DEPLOYMENT_TARGET = 16.4;
				MTL_ENABLE_DEBUG_INFO = INCLUDE_SOURCE;
				MTL_FAST_MATH = YES;
				ONLY_ACTIVE_ARCH = YES;
				SDKROOT = iphoneos;
				SWIFT_ACTIVE_COMPILATION_CONDITIONS = DEBUG;
				SWIFT_OPTIMIZATION_LEVEL = "-Onone";
			};
			name = Debug;
		};
		F0FCFAEF29FD96D700000B9C /* Release */ = {
			isa = XCBuildConfiguration;
			buildSettings = {
				ALWAYS_SEARCH_USER_PATHS = NO;
				CLANG_ANALYZER_NONNULL = YES;
				CLANG_ANALYZER_NUMBER_OBJECT_CONVERSION = YES_AGGRESSIVE;
				CLANG_CXX_LANGUAGE_STANDARD = "gnu++20";
				CLANG_ENABLE_MODULES = YES;
				CLANG_ENABLE_OBJC_ARC = YES;
				CLANG_ENABLE_OBJC_WEAK = YES;
				CLANG_WARN_BLOCK_CAPTURE_AUTORELEASING = YES;
				CLANG_WARN_BOOL_CONVERSION = YES;
				CLANG_WARN_COMMA = YES;
				CLANG_WARN_CONSTANT_CONVERSION = YES;
				CLANG_WARN_DEPRECATED_OBJC_IMPLEMENTATIONS = YES;
				CLANG_WARN_DIRECT_OBJC_ISA_USAGE = YES_ERROR;
				CLANG_WARN_DOCUMENTATION_COMMENTS = YES;
				CLANG_WARN_EMPTY_BODY = YES;
				CLANG_WARN_ENUM_CONVERSION = YES;
				CLANG_WARN_INFINITE_RECURSION = YES;
				CLANG_WARN_INT_CONVERSION = YES;
				CLANG_WARN_NON_LITERAL_NULL_CONVERSION = YES;
				CLANG_WARN_OBJC_IMPLICIT_RETAIN_SELF = YES;
				CLANG_WARN_OBJC_LITERAL_CONVERSION = YES;
				CLANG_WARN_OBJC_ROOT_CLASS = YES_ERROR;
				CLANG_WARN_QUOTED_INCLUDE_IN_FRAMEWORK_HEADER = YES;
				CLANG_WARN_RANGE_LOOP_ANALYSIS = YES;
				CLANG_WARN_STRICT_PROTOTYPES = YES;
				CLANG_WARN_SUSPICIOUS_MOVE = YES;
				CLANG_WARN_UNGUARDED_AVAILABILITY = YES_AGGRESSIVE;
				CLANG_WARN_UNREACHABLE_CODE = YES;
				CLANG_WARN__DUPLICATE_METHOD_MATCH = YES;
				COPY_PHASE_STRIP = NO;
				DEBUG_INFORMATION_FORMAT = "dwarf-with-dsym";
				ENABLE_NS_ASSERTIONS = NO;
				ENABLE_STRICT_OBJC_MSGSEND = YES;
				GCC_C_LANGUAGE_STANDARD = gnu11;
				GCC_NO_COMMON_BLOCKS = YES;
				GCC_WARN_64_TO_32_BIT_CONVERSION = YES;
				GCC_WARN_ABOUT_RETURN_TYPE = YES_ERROR;
				GCC_WARN_UNDECLARED_SELECTOR = YES;
				GCC_WARN_UNINITIALIZED_AUTOS = YES_AGGRESSIVE;
				GCC_WARN_UNUSED_FUNCTION = YES;
				GCC_WARN_UNUSED_VARIABLE = YES;
				IPHONEOS_DEPLOYMENT_TARGET = 16.4;
				MTL_ENABLE_DEBUG_INFO = NO;
				MTL_FAST_MATH = YES;
				SDKROOT = iphoneos;
				SWIFT_COMPILATION_MODE = wholemodule;
				SWIFT_OPTIMIZATION_LEVEL = "-O";
				VALIDATE_PRODUCT = YES;
			};
			name = Release;
		};
		F0FCFAF129FD96D700000B9C /* Debug */ = {
			isa = XCBuildConfiguration;
			buildSettings = {
				ASSETCATALOG_COMPILER_APPICON_NAME = AppIcon;
				ASSETCATALOG_COMPILER_GLOBAL_ACCENT_COLOR_NAME = AccentColor;
				CODE_SIGN_STYLE = Automatic;
				CURRENT_PROJECT_VERSION = 1;
				GENERATE_INFOPLIST_FILE = YES;
				INFOPLIST_FILE = carDealership/Info.plist;
				INFOPLIST_KEY_UIApplicationSupportsIndirectInputEvents = YES;
				INFOPLIST_KEY_UILaunchStoryboardName = LaunchScreen;
				INFOPLIST_KEY_UIMainStoryboardFile = Main;
				INFOPLIST_KEY_UISupportedInterfaceOrientations_iPad = "UIInterfaceOrientationPortrait UIInterfaceOrientationPortraitUpsideDown UIInterfaceOrientationLandscapeLeft UIInterfaceOrientationLandscapeRight";
				INFOPLIST_KEY_UISupportedInterfaceOrientations_iPhone = "UIInterfaceOrientationPortrait UIInterfaceOrientationLandscapeLeft UIInterfaceOrientationLandscapeRight";
				LD_RUNPATH_SEARCH_PATHS = (
					"$(inherited)",
					"@executable_path/Frameworks",
				);
				MARKETING_VERSION = 1.0;
				PRODUCT_BUNDLE_IDENTIFIER = srmist.edu.in.carDealership;
				PRODUCT_NAME = "$(TARGET_NAME)";
				SWIFT_EMIT_LOC_STRINGS = YES;
				SWIFT_VERSION = 5.0;
				TARGETED_DEVICE_FAMILY = "1,2";
			};
			name = Debug;
		};
		F0FCFAF229FD96D700000B9C /* Release */ = {
			isa = XCBuildConfiguration;
			buildSettings = {
				ASSETCATALOG_COMPILER_APPICON_NAME = AppIcon;
				ASSETCATALOG_COMPILER_GLOBAL_ACCENT_COLOR_NAME = AccentColor;
				CODE_SIGN_STYLE = Automatic;
				CURRENT_PROJECT_VERSION = 1;
				GENERATE_INFOPLIST_FILE = YES;
				INFOPLIST_FILE = carDealership/Info.plist;
				INFOPLIST_KEY_UIApplicationSupportsIndirectInputEvents = YES;
				INFOPLIST_KEY_UILaunchStoryboardName = LaunchScreen;
				INFOPLIST_KEY_UIMainStoryboardFile = Main;
				INFOPLIST_KEY_UISupportedInterfaceOrientations_iPad = "UIInterfaceOrientationPortrait UIInterfaceOrientationPortraitUpsideDown UIInterfaceOrientationLandscapeLeft UIInterfaceOrientationLandscapeRight";
				INFOPLIST_KEY_UISupportedInterfaceOrientations_iPhone = "UIInterfaceOrientationPortrait UIInterfaceOrientationLandscapeLeft UIInterfaceOrientationLandscapeRight";
				LD_RUNPATH_SEARCH_PATHS = (
					"$(inherited)",
					"@executable_path/Frameworks",
				);
				MARKETING_VERSION = 1.0;
				PRODUCT_BUNDLE_IDENTIFIER = srmist.edu.in.carDealership;
				PRODUCT_NAME = "$(TARGET_NAME)";
				SWIFT_EMIT_LOC_STRINGS = YES;
				SWIFT_VERSION = 5.0;
				TARGETED_DEVICE_FAMILY = "1,2";
			};
			name = Release;
		};
/* End XCBuildConfiguration section */

/* Begin XCConfigurationList section */
		F0FCFAD729FD96D600000B9C /* Build configuration list for PBXProject "carDealership" */ = {
			isa = XCConfigurationList;
			buildConfigurations = (
				F0FCFAEE29FD96D700000B9C /* Debug */,
				F0FCFAEF29FD96D700000B9C /* Release */,
			);
			defaultConfigurationIsVisible = 0;
			defaultConfigurationName = Release;
		};
		F0FCFAF029FD96D700000B9C /* Build configuration list for PBXNativeTarget "carDealership" */ = {
			isa = XCConfigurationList;
			buildConfigurations = (
				F0FCFAF129FD96D700000B9C /* Debug */,
				F0FCFAF229FD96D700000B9C /* Release */,
			);
			defaultConfigurationIsVisible = 0;
			defaultConfigurationName = Release;
		};
/* End XCConfigurationList section */
	};
	rootObject = F0FCFAD429FD96D600000B9C /* Project object */;
}
